// !$*UTF8*$!
{
	archiveVersion = 1;
	classes = {
	};
	objectVersion = 77;
	objects = {

/* Begin PBXBuildFile section */
		04BCEB8AB6239A8DB7D5C257 /* StoreKitManager.swift in Sources */ = {isa = PBXBuildFile; fileRef = 102BCD8F05208BC14E211E51 /* StoreKitManager.swift */; };
		0BDACCA44A26C7459739D96B /* DesktopWindowController.swift in Sources */ = {isa = PBXBuildFile; fileRef = 5EBFA2EC8B70298D0B7975E3 /* DesktopWindowController.swift */; };
		0D161367E2348177677DEAD0 /* AppShortcuts.swift in Sources */ = {isa = PBXBuildFile; fileRef = 77E4D58C6269978E4994C7CE /* AppShortcuts.swift */; };
		131EDF3DA15DA0EEA84918A4 /* HomeView.swift in Sources */ = {isa = PBXBuildFile; fileRef = 43A9F2E051E3DDAA18ACAC9D /* HomeView.swift */; };
		147CC96E7447673896138CA7 /* UpdateChecker.swift in Sources */ = {isa = PBXBuildFile; fileRef = 48513382BB8B61A6DD8431DC /* UpdateChecker.swift */; };
		1B480E4A92B2E3538B724AE4 /* WallpaperEffectsManager.swift in Sources */ = {isa = PBXBuildFile; fileRef = 0B86B489A26E64EF63ED72A8 /* WallpaperEffectsManager.swift */; };
		1CA1504E421EAE5C547DF122 /* KeychainManager.swift in Sources */ = {isa = PBXBuildFile; fileRef = 51A337D506233D372B7187D6 /* KeychainManager.swift */; };
		2124DE0A8E8717475F30D34C /* WallpaperGridView.swift in Sources */ = {isa = PBXBuildFile; fileRef = 0D76E5D0AB6B966E492D0342 /* WallpaperGridView.swift */; };
		2445819EF402088E3689C8CD /* DeepLinkHandler.swift in Sources */ = {isa = PBXBuildFile; fileRef = 2833332B3174CD94D7D62CBB /* DeepLinkHandler.swift */; };
		2509E976AE0675786B3C248A /* SmallWidgetView.swift in Sources */ = {isa = PBXBuildFile; fileRef = 134AA54986991D7480CC4CD8 /* SmallWidgetView.swift */; };
		284D0925EA9AEC2B302910D1 /* Assets.xcassets in Resources */ = {isa = PBXBuildFile; fileRef = BF36E216B5F900C62E824B59 /* Assets.xcassets */; };
		2C5619331688457B6A844B93 /* CollectionsView.swift in Sources */ = {isa = PBXBuildFile; fileRef = 31C51D17BDBBADCDF4D5CB43 /* CollectionsView.swift */; };
		2D30EDC8BD2E940365F05AB0 /* WallneticWidget.swift in Sources */ = {isa = PBXBuildFile; fileRef = 69A7F21804AB5D266A239578 /* WallneticWidget.swift */; };
		3ACABD266118F70AA54B934B /* ThemeManager.swift in Sources */ = {isa = PBXBuildFile; fileRef = 60D80208B9C31066D6C112FB /* ThemeManager.swift */; };
		40D40FD944D13CCAF633E4A9 /* Wallpaper.swift in Sources */ = {isa = PBXBuildFile; fileRef = DE3FD865C09D4CE6C4025020 /* Wallpaper.swift */; };
		4D244E609DA6FBD637CD7D8F /* WallneticApp.swift in Sources */ = {isa = PBXBuildFile; fileRef = 4D9A31C3562655D7C27A30B1 /* WallneticApp.swift */; };
		51355B920BE931D2A9A3BE58 /* WallpaperCollection.swift in Sources */ = {isa = PBXBuildFile; fileRef = 8562F59693CF276239AD0905 /* WallpaperCollection.swift */; };
		53984128C8EBA3CD0BDEB573 /* AppDelegate.swift in Sources */ = {isa = PBXBuildFile; fileRef = FFD329195A86A0398FB6B4D0 /* AppDelegate.swift */; };
		559304CF4E8C6C1F05A97B59 /* CollectionDetailView.swift in Sources */ = {isa = PBXBuildFile; fileRef = 3A5D74A5C252020316F511D6 /* CollectionDetailView.swift */; };
		56536B0F8F2E2B9076BA08EE /* WallneticWidget.appex in Embed Foundation Extensions */ = {isa = PBXBuildFile; fileRef = 594B87C7E7B68A1E23F136C4 /* WallneticWidget.appex */; settings = {ATTRIBUTES = (RemoveHeadersOnCopy, ); }; };
		5C0AAD3B25B3DCB797AF2959 /* ExploreView.swift in Sources */ = {isa = PBXBuildFile; fileRef = D67C4A956B32F37A83450264 /* ExploreView.swift */; };
		5E298128B4AE9AB89B656E86 /* DesktopOverlayController.swift in Sources */ = {isa = PBXBuildFile; fileRef = D726427A9199C4D93B9E93F2 /* DesktopOverlayController.swift */; };
		61B1EC0DBC85801311FA1F2F /* MenuBarView.swift in Sources */ = {isa = PBXBuildFile; fileRef = 5B106464A071BF6E736C3272 /* MenuBarView.swift */; };
		6A650CD75C4B32AB9889A6A7 /* SharedWidgetModels.swift in Sources */ = {isa = PBXBuildFile; fileRef = DDFCAB2A636011BB543DD1B5 /* SharedWidgetModels.swift */; };
		6FDE90B9E751CC319C45BA54 /* MusicReactiveManager.swift in Sources */ = {isa = PBXBuildFile; fileRef = 2F48518E41B9C56DFE5EB099 /* MusicReactiveManager.swift */; };
		71B0E8B741F75A6147C62611 /* MetalVideoRenderer.swift in Sources */ = {isa = PBXBuildFile; fileRef = ED806BD7E0913BCDF1142604 /* MetalVideoRenderer.swift */; };
		71CE2A10CE71B016228E091D /* SchedulerSettingsView.swift in Sources */ = {isa = PBXBuildFile; fileRef = 0DF980A4142FBBE468FBBD05 /* SchedulerSettingsView.swift */; };
		72F4CF08714A41746B6A0258 /* AIProvider.swift in Sources */ = {isa = PBXBuildFile; fileRef = B7021318E82664A8754F5FF1 /* AIProvider.swift */; };
		73849203691B6B9B27EF0384 /* CollectionManager.swift in Sources */ = {isa = PBXBuildFile; fileRef = 1849D0D4B8C207540818A7E8 /* CollectionManager.swift */; };
		7B8DE2A0443E6DC55D750FCB /* WallpaperManager.swift in Sources */ = {isa = PBXBuildFile; fileRef = 532FE0E3069C64B6236A343C /* WallpaperManager.swift */; };
		7CD2350BE3D4A9216B849C69 /* MediumWidgetView.swift in Sources */ = {isa = PBXBuildFile; fileRef = D7053DA494AD1DB578C10447 /* MediumWidgetView.swift */; };
		80B94DC02A568914623EDE05 /* VideoFormatConverter.swift in Sources */ = {isa = PBXBuildFile; fileRef = 4662279ADB65DBA3957578B7 /* VideoFormatConverter.swift */; };
		84ACCBC72C120B8B6E00A64F /* SupabaseClient.swift in Sources */ = {isa = PBXBuildFile; fileRef = 5CEBCAF9E5F767C08A15158C /* SupabaseClient.swift */; };
		88C6A7F9AD19AA876CEEC465 /* iCloudSyncManager.swift in Sources */ = {isa = PBXBuildFile; fileRef = F9960B917192178D2217E668 /* iCloudSyncManager.swift */; };
		8BED6ED6D599D3F3C32821D5 /* HistoryView.swift in Sources */ = {isa = PBXBuildFile; fileRef = A32AE3710192737ABA41FDA0 /* HistoryView.swift */; };
		93BC58F85DF7EBC9B6D3970F /* SharedWidgetModels.swift in Sources */ = {isa = PBXBuildFile; fileRef = DDFCAB2A636011BB543DD1B5 /* SharedWidgetModels.swift */; };
		93CA4E731227254F983F6270 /* TimeOfDaySettingsView.swift in Sources */ = {isa = PBXBuildFile; fileRef = 84E4002911F0B7869F3183DA /* TimeOfDaySettingsView.swift */; };
		9C7206924D126AE38A11DD51 /* WallpaperStoreManager.swift in Sources */ = {isa = PBXBuildFile; fileRef = 40A93EE0CF1D353315FEA25D /* WallpaperStoreManager.swift */; };
		9D898F865EED9BB751EBF7EF /* AIGenerateView.swift in Sources */ = {isa = PBXBuildFile; fileRef = 91B502C8C68ABF2CD503030E /* AIGenerateView.swift */; };
		A0A7D57E670326EECB26D581 /* NotificationManager.swift in Sources */ = {isa = PBXBuildFile; fileRef = 140AE9B28FFA1BF12B3651C5 /* NotificationManager.swift */; };
		A2F0F37DC65A20D1B7086146 /* UsageTracker.swift in Sources */ = {isa = PBXBuildFile; fileRef = FA624026F461BCF47C3E39D5 /* UsageTracker.swift */; };
		A2FD8BF6EF09FC0B086E2261 /* EffectsSettingsView.swift in Sources */ = {isa = PBXBuildFile; fileRef = BA2392B868E0D5B6994FF657 /* EffectsSettingsView.swift */; };
		A32F6B39A4F02F8417A78266 /* SettingsView.swift in Sources */ = {isa = PBXBuildFile; fileRef = 250C1B481393050C099266A2 /* SettingsView.swift */; };
		A6DFAAAEC7432468109C0615 /* AsyncImageCache.swift in Sources */ = {isa = PBXBuildFile; fileRef = 2F92E0D8DD2E96E0575808A6 /* AsyncImageCache.swift */; };
		AE9FCE08CE4EDEECE7A843BD /* SharedDataManager.swift in Sources */ = {isa = PBXBuildFile; fileRef = 52CE6EB39E15687BF3655B8C /* SharedDataManager.swift */; };
		B34E2B3843447164873423D8 /* AuthManager.swift in Sources */ = {isa = PBXBuildFile; fileRef = 5391D519B2B4F2D898BEDB0F /* AuthManager.swift */; };
		B4147A0425D06A4CAD8EDE77 /* CloudSyncManager.swift in Sources */ = {isa = PBXBuildFile; fileRef = 69A21A2E89BAFCD9A8FE5DA8 /* CloudSyncManager.swift */; };
		B42A0A282FC2AA2D1C21B83F /* SchedulerService.swift in Sources */ = {isa = PBXBuildFile; fileRef = 2A3CC73608BAFA155E615F1B /* SchedulerService.swift */; };
		B4A8451ADDDC53D5E76BE89D /* TimeOfDayManager.swift in Sources */ = {isa = PBXBuildFile; fileRef = F9534BF578FB9EFE92050C52 /* TimeOfDayManager.swift */; };
		B528C1F69B3CD9B3914A58A6 /* PowerManager.swift in Sources */ = {isa = PBXBuildFile; fileRef = 9E4C04ED28406292407FFBD0 /* PowerManager.swift */; };
		BED9A1AD659C124D26D37355 /* OnboardingView.swift in Sources */ = {isa = PBXBuildFile; fileRef = FA8E25061D17472552507DF7 /* OnboardingView.swift */; };
		C45BE528ECCD2D35E95ED1C4 /* WallpaperTimelineProvider.swift in Sources */ = {isa = PBXBuildFile; fileRef = 6730B13258B7FB98C75E2BD6 /* WallpaperTimelineProvider.swift */; };
		C703D713F68746183202C7DE /* AIStyle.swift in Sources */ = {isa = PBXBuildFile; fileRef = 8B98ABE56A3B186B1C7AFA43 /* AIStyle.swift */; };
		CE93C5919FE1E7FAC086C58E /* FavoriteStylesManager.swift in Sources */ = {isa = PBXBuildFile; fileRef = B3E0F02714B57C6B710BFA04 /* FavoriteStylesManager.swift */; };
		D293210E205F384708F9B581 /* URLImporter.swift in Sources */ = {isa = PBXBuildFile; fileRef = 9A160A29BBDB078330BD0CA4 /* URLImporter.swift */; };
		D536FC913069CBC74CD142D2 /* LargeWidgetView.swift in Sources */ = {isa = PBXBuildFile; fileRef = C46699BC859D4FABE71BB58F /* LargeWidgetView.swift */; };
		D729B636A0E78713E53C77FD /* PerformanceManager.swift in Sources */ = {isa = PBXBuildFile; fileRef = 3CFBA173095D37D5702C5C18 /* PerformanceManager.swift */; };
		D95869079F717BD8B2BB26D0 /* ContentView.swift in Sources */ = {isa = PBXBuildFile; fileRef = EA19F4DBD0636536454696F3 /* ContentView.swift */; };
		DCAD65468ADF42075E87EF0B /* WallneticWidgetBundle.swift in Sources */ = {isa = PBXBuildFile; fileRef = 5B7028D3EA5A514573B5B23F /* WallneticWidgetBundle.swift */; };
		DD274D4C961B6128F9FA1776 /* TopNavigationBar.swift in Sources */ = {isa = PBXBuildFile; fileRef = 8500C9E87013D486C890E673 /* TopNavigationBar.swift */; };
		DEA965482FC1C3045A26958B /* ScreenSaverBridge.swift in Sources */ = {isa = PBXBuildFile; fileRef = 6D0396F7C77849244B424DD5 /* ScreenSaverBridge.swift */; };
		E1A41C3F6B921B68A90EBBFA /* PopularView.swift in Sources */ = {isa = PBXBuildFile; fileRef = B28D90947064A40462D0CC1C /* PopularView.swift */; };
		E3721D2B68E6322EA1D6E408 /* AnalyticsManager.swift in Sources */ = {isa = PBXBuildFile; fileRef = C296AD08F207FEC3AF4CDCB9 /* AnalyticsManager.swift */; };
		E5D27A6DCFBE34596D43A293 /* VideoPreviewView.swift in Sources */ = {isa = PBXBuildFile; fileRef = 632C30C0743E0B8691AFD923 /* VideoPreviewView.swift */; };
		E670DC0DFE3A0970082E73EF /* GenerationHistory.swift in Sources */ = {isa = PBXBuildFile; fileRef = FE414F5FC0D738D8D7593A2E /* GenerationHistory.swift */; };
		EAAE966CCF3909FB2678C87D /* VideoTrimmer.swift in Sources */ = {isa = PBXBuildFile; fileRef = B5CEC2B4480AEC32A84E65E8 /* VideoTrimmer.swift */; };
		EFB2FACA7CFF8C61C6DED49E /* VideoRenderer.swift in Sources */ = {isa = PBXBuildFile; fileRef = C36C5B8FAAEBFAB779FBBB39 /* VideoRenderer.swift */; };
		F027822B09B941CAA5E0910E /* ThumbnailCache.swift in Sources */ = {isa = PBXBuildFile; fileRef = 11FC204622DAABAAA4F064B4 /* ThumbnailCache.swift */; };
		F6107012989E9FC5810F350E /* WeatherWallpaperManager.swift in Sources */ = {isa = PBXBuildFile; fileRef = 739D8C6AD1566F8C21F48DFD /* WeatherWallpaperManager.swift */; };
		FF16323D780FDC2A4404D5BA /* AIService.swift in Sources */ = {isa = PBXBuildFile; fileRef = B6272C35871A69060C41EFEC /* AIService.swift */; };
/* End PBXBuildFile section */

/* Begin PBXContainerItemProxy section */
		FFAED0B7DD574AF587D7DC00 /* PBXContainerItemProxy */ = {
			isa = PBXContainerItemProxy;
			containerPortal = C3FDEDD03026A1192EC29C7E /* Project object */;
			proxyType = 1;
			remoteGlobalIDString = 619B21F5247512020263D942;
			remoteInfo = WallneticWidget;
		};
/* End PBXContainerItemProxy section */

/* Begin PBXCopyFilesBuildPhase section */
		54F653E431484406D55578F3 /* Embed Foundation Extensions */ = {
			isa = PBXCopyFilesBuildPhase;
			buildActionMask = 2147483647;
			dstPath = "";
			dstSubfolderSpec = 13;
			files = (
				56536B0F8F2E2B9076BA08EE /* WallneticWidget.appex in Embed Foundation Extensions */,
			);
			name = "Embed Foundation Extensions";
			runOnlyForDeploymentPostprocessing = 0;
		};
/* End PBXCopyFilesBuildPhase section */

/* Begin PBXFileReference section */
		08B2A227CEA1CA39347CC37A /* WallneticWidget.entitlements */ = {isa = PBXFileReference; lastKnownFileType = text.plist.entitlements; path = WallneticWidget.entitlements; sourceTree = "<group>"; };
		0B86B489A26E64EF63ED72A8 /* WallpaperEffectsManager.swift */ = {isa = PBXFileReference; lastKnownFileType = sourcecode.swift; path = WallpaperEffectsManager.swift; sourceTree = "<group>"; };
		0D76E5D0AB6B966E492D0342 /* WallpaperGridView.swift */ = {isa = PBXFileReference; lastKnownFileType = sourcecode.swift; path = WallpaperGridView.swift; sourceTree = "<group>"; };
		0DF980A4142FBBE468FBBD05 /* SchedulerSettingsView.swift */ = {isa = PBXFileReference; lastKnownFileType = sourcecode.swift; path = SchedulerSettingsView.swift; sourceTree = "<group>"; };
		102BCD8F05208BC14E211E51 /* StoreKitManager.swift */ = {isa = PBXFileReference; lastKnownFileType = sourcecode.swift; path = StoreKitManager.swift; sourceTree = "<group>"; };
		11FC204622DAABAAA4F064B4 /* ThumbnailCache.swift */ = {isa = PBXFileReference; lastKnownFileType = sourcecode.swift; path = ThumbnailCache.swift; sourceTree = "<group>"; };
		134AA54986991D7480CC4CD8 /* SmallWidgetView.swift */ = {isa = PBXFileReference; lastKnownFileType = sourcecode.swift; path = SmallWidgetView.swift; sourceTree = "<group>"; };
		140AE9B28FFA1BF12B3651C5 /* NotificationManager.swift */ = {isa = PBXFileReference; lastKnownFileType = sourcecode.swift; path = NotificationManager.swift; sourceTree = "<group>"; };
		1849D0D4B8C207540818A7E8 /* CollectionManager.swift */ = {isa = PBXFileReference; lastKnownFileType = sourcecode.swift; path = CollectionManager.swift; sourceTree = "<group>"; };
		250C1B481393050C099266A2 /* SettingsView.swift */ = {isa = PBXFileReference; lastKnownFileType = sourcecode.swift; path = SettingsView.swift; sourceTree = "<group>"; };
		2833332B3174CD94D7D62CBB /* DeepLinkHandler.swift */ = {isa = PBXFileReference; lastKnownFileType = sourcecode.swift; path = DeepLinkHandler.swift; sourceTree = "<group>"; };
		2A3CC73608BAFA155E615F1B /* SchedulerService.swift */ = {isa = PBXFileReference; lastKnownFileType = sourcecode.swift; path = SchedulerService.swift; sourceTree = "<group>"; };
		2F48518E41B9C56DFE5EB099 /* MusicReactiveManager.swift */ = {isa = PBXFileReference; lastKnownFileType = sourcecode.swift; path = MusicReactiveManager.swift; sourceTree = "<group>"; };
		2F92E0D8DD2E96E0575808A6 /* AsyncImageCache.swift */ = {isa = PBXFileReference; lastKnownFileType = sourcecode.swift; path = AsyncImageCache.swift; sourceTree = "<group>"; };
		31C51D17BDBBADCDF4D5CB43 /* CollectionsView.swift */ = {isa = PBXFileReference; lastKnownFileType = sourcecode.swift; path = CollectionsView.swift; sourceTree = "<group>"; };
		3A5D74A5C252020316F511D6 /* CollectionDetailView.swift */ = {isa = PBXFileReference; lastKnownFileType = sourcecode.swift; path = CollectionDetailView.swift; sourceTree = "<group>"; };
		3CFBA173095D37D5702C5C18 /* PerformanceManager.swift */ = {isa = PBXFileReference; lastKnownFileType = sourcecode.swift; path = PerformanceManager.swift; sourceTree = "<group>"; };
		40A93EE0CF1D353315FEA25D /* WallpaperStoreManager.swift */ = {isa = PBXFileReference; lastKnownFileType = sourcecode.swift; path = WallpaperStoreManager.swift; sourceTree = "<group>"; };
		43A9F2E051E3DDAA18ACAC9D /* HomeView.swift */ = {isa = PBXFileReference; lastKnownFileType = sourcecode.swift; path = HomeView.swift; sourceTree = "<group>"; };
		4662279ADB65DBA3957578B7 /* VideoFormatConverter.swift */ = {isa = PBXFileReference; lastKnownFileType = sourcecode.swift; path = VideoFormatConverter.swift; sourceTree = "<group>"; };
		48513382BB8B61A6DD8431DC /* UpdateChecker.swift */ = {isa = PBXFileReference; lastKnownFileType = sourcecode.swift; path = UpdateChecker.swift; sourceTree = "<group>"; };
		4D9A31C3562655D7C27A30B1 /* WallneticApp.swift */ = {isa = PBXFileReference; lastKnownFileType = sourcecode.swift; path = WallneticApp.swift; sourceTree = "<group>"; };
		51A337D506233D372B7187D6 /* KeychainManager.swift */ = {isa = PBXFileReference; lastKnownFileType = sourcecode.swift; path = KeychainManager.swift; sourceTree = "<group>"; };
		52CE6EB39E15687BF3655B8C /* SharedDataManager.swift */ = {isa = PBXFileReference; lastKnownFileType = sourcecode.swift; path = SharedDataManager.swift; sourceTree = "<group>"; };
		532FE0E3069C64B6236A343C /* WallpaperManager.swift */ = {isa = PBXFileReference; lastKnownFileType = sourcecode.swift; path = WallpaperManager.swift; sourceTree = "<group>"; };
		5391D519B2B4F2D898BEDB0F /* AuthManager.swift */ = {isa = PBXFileReference; lastKnownFileType = sourcecode.swift; path = AuthManager.swift; sourceTree = "<group>"; };
		594B87C7E7B68A1E23F136C4 /* WallneticWidget.appex */ = {isa = PBXFileReference; explicitFileType = "wrapper.app-extension"; includeInIndex = 0; path = WallneticWidget.appex; sourceTree = BUILT_PRODUCTS_DIR; };
		5B106464A071BF6E736C3272 /* MenuBarView.swift */ = {isa = PBXFileReference; lastKnownFileType = sourcecode.swift; path = MenuBarView.swift; sourceTree = "<group>"; };
		5B7028D3EA5A514573B5B23F /* WallneticWidgetBundle.swift */ = {isa = PBXFileReference; lastKnownFileType = sourcecode.swift; path = WallneticWidgetBundle.swift; sourceTree = "<group>"; };
		5CEBCAF9E5F767C08A15158C /* SupabaseClient.swift */ = {isa = PBXFileReference; lastKnownFileType = sourcecode.swift; path = SupabaseClient.swift; sourceTree = "<group>"; };
		5EBFA2EC8B70298D0B7975E3 /* DesktopWindowController.swift */ = {isa = PBXFileReference; lastKnownFileType = sourcecode.swift; path = DesktopWindowController.swift; sourceTree = "<group>"; };
		60D80208B9C31066D6C112FB /* ThemeManager.swift */ = {isa = PBXFileReference; lastKnownFileType = sourcecode.swift; path = ThemeManager.swift; sourceTree = "<group>"; };
		632C30C0743E0B8691AFD923 /* VideoPreviewView.swift */ = {isa = PBXFileReference; lastKnownFileType = sourcecode.swift; path = VideoPreviewView.swift; sourceTree = "<group>"; };
		6730B13258B7FB98C75E2BD6 /* WallpaperTimelineProvider.swift */ = {isa = PBXFileReference; lastKnownFileType = sourcecode.swift; path = WallpaperTimelineProvider.swift; sourceTree = "<group>"; };
		69A21A2E89BAFCD9A8FE5DA8 /* CloudSyncManager.swift */ = {isa = PBXFileReference; lastKnownFileType = sourcecode.swift; path = CloudSyncManager.swift; sourceTree = "<group>"; };
		69A7F21804AB5D266A239578 /* WallneticWidget.swift */ = {isa = PBXFileReference; lastKnownFileType = sourcecode.swift; path = WallneticWidget.swift; sourceTree = "<group>"; };
		6D0396F7C77849244B424DD5 /* ScreenSaverBridge.swift */ = {isa = PBXFileReference; lastKnownFileType = sourcecode.swift; path = ScreenSaverBridge.swift; sourceTree = "<group>"; };
		739D8C6AD1566F8C21F48DFD /* WeatherWallpaperManager.swift */ = {isa = PBXFileReference; lastKnownFileType = sourcecode.swift; path = WeatherWallpaperManager.swift; sourceTree = "<group>"; };
		77E4D58C6269978E4994C7CE /* AppShortcuts.swift */ = {isa = PBXFileReference; lastKnownFileType = sourcecode.swift; path = AppShortcuts.swift; sourceTree = "<group>"; };
		843AD85E0F38C70B7B33DE40 /* Info.plist */ = {isa = PBXFileReference; lastKnownFileType = text.plist; path = Info.plist; sourceTree = "<group>"; };
		84E4002911F0B7869F3183DA /* TimeOfDaySettingsView.swift */ = {isa = PBXFileReference; lastKnownFileType = sourcecode.swift; path = TimeOfDaySettingsView.swift; sourceTree = "<group>"; };
		8500C9E87013D486C890E673 /* TopNavigationBar.swift */ = {isa = PBXFileReference; lastKnownFileType = sourcecode.swift; path = TopNavigationBar.swift; sourceTree = "<group>"; };
		8562F59693CF276239AD0905 /* WallpaperCollection.swift */ = {isa = PBXFileReference; lastKnownFileType = sourcecode.swift; path = WallpaperCollection.swift; sourceTree = "<group>"; };
		85B6064EF5DE550677698666 /* Wallnetic.entitlements */ = {isa = PBXFileReference; lastKnownFileType = text.plist.entitlements; path = Wallnetic.entitlements; sourceTree = "<group>"; };
		8B98ABE56A3B186B1C7AFA43 /* AIStyle.swift */ = {isa = PBXFileReference; lastKnownFileType = sourcecode.swift; path = AIStyle.swift; sourceTree = "<group>"; };
		9065D39D45D04ED947D1507D /* Wallnetic.app */ = {isa = PBXFileReference; explicitFileType = wrapper.application; includeInIndex = 0; path = Wallnetic.app; sourceTree = BUILT_PRODUCTS_DIR; };
		91B502C8C68ABF2CD503030E /* AIGenerateView.swift */ = {isa = PBXFileReference; lastKnownFileType = sourcecode.swift; path = AIGenerateView.swift; sourceTree = "<group>"; };
		9A160A29BBDB078330BD0CA4 /* URLImporter.swift */ = {isa = PBXFileReference; lastKnownFileType = sourcecode.swift; path = URLImporter.swift; sourceTree = "<group>"; };
		9E4C04ED28406292407FFBD0 /* PowerManager.swift */ = {isa = PBXFileReference; lastKnownFileType = sourcecode.swift; path = PowerManager.swift; sourceTree = "<group>"; };
		A32AE3710192737ABA41FDA0 /* HistoryView.swift */ = {isa = PBXFileReference; lastKnownFileType = sourcecode.swift; path = HistoryView.swift; sourceTree = "<group>"; };
		B28D90947064A40462D0CC1C /* PopularView.swift */ = {isa = PBXFileReference; lastKnownFileType = sourcecode.swift; path = PopularView.swift; sourceTree = "<group>"; };
		B3E0F02714B57C6B710BFA04 /* FavoriteStylesManager.swift */ = {isa = PBXFileReference; lastKnownFileType = sourcecode.swift; path = FavoriteStylesManager.swift; sourceTree = "<group>"; };
		B5CEC2B4480AEC32A84E65E8 /* VideoTrimmer.swift */ = {isa = PBXFileReference; lastKnownFileType = sourcecode.swift; path = VideoTrimmer.swift; sourceTree = "<group>"; };
		B6272C35871A69060C41EFEC /* AIService.swift */ = {isa = PBXFileReference; lastKnownFileType = sourcecode.swift; path = AIService.swift; sourceTree = "<group>"; };
		B7021318E82664A8754F5FF1 /* AIProvider.swift */ = {isa = PBXFileReference; lastKnownFileType = sourcecode.swift; path = AIProvider.swift; sourceTree = "<group>"; };
		BA2392B868E0D5B6994FF657 /* EffectsSettingsView.swift */ = {isa = PBXFileReference; lastKnownFileType = sourcecode.swift; path = EffectsSettingsView.swift; sourceTree = "<group>"; };
		BF36E216B5F900C62E824B59 /* Assets.xcassets */ = {isa = PBXFileReference; lastKnownFileType = folder.assetcatalog; path = Assets.xcassets; sourceTree = "<group>"; };
		C296AD08F207FEC3AF4CDCB9 /* AnalyticsManager.swift */ = {isa = PBXFileReference; lastKnownFileType = sourcecode.swift; path = AnalyticsManager.swift; sourceTree = "<group>"; };
		C36C5B8FAAEBFAB779FBBB39 /* VideoRenderer.swift */ = {isa = PBXFileReference; lastKnownFileType = sourcecode.swift; path = VideoRenderer.swift; sourceTree = "<group>"; };
		C46699BC859D4FABE71BB58F /* LargeWidgetView.swift */ = {isa = PBXFileReference; lastKnownFileType = sourcecode.swift; path = LargeWidgetView.swift; sourceTree = "<group>"; };
		D67C4A956B32F37A83450264 /* ExploreView.swift */ = {isa = PBXFileReference; lastKnownFileType = sourcecode.swift; path = ExploreView.swift; sourceTree = "<group>"; };
		D7053DA494AD1DB578C10447 /* MediumWidgetView.swift */ = {isa = PBXFileReference; lastKnownFileType = sourcecode.swift; path = MediumWidgetView.swift; sourceTree = "<group>"; };
		D726427A9199C4D93B9E93F2 /* DesktopOverlayController.swift */ = {isa = PBXFileReference; lastKnownFileType = sourcecode.swift; path = DesktopOverlayController.swift; sourceTree = "<group>"; };
		DDFCAB2A636011BB543DD1B5 /* SharedWidgetModels.swift */ = {isa = PBXFileReference; lastKnownFileType = sourcecode.swift; path = SharedWidgetModels.swift; sourceTree = "<group>"; };
		DE3FD865C09D4CE6C4025020 /* Wallpaper.swift */ = {isa = PBXFileReference; lastKnownFileType = sourcecode.swift; path = Wallpaper.swift; sourceTree = "<group>"; };
		DFC7F5C372D751F46660FA5C /* Info.plist */ = {isa = PBXFileReference; lastKnownFileType = text.plist; path = Info.plist; sourceTree = "<group>"; };
		EA19F4DBD0636536454696F3 /* ContentView.swift */ = {isa = PBXFileReference; lastKnownFileType = sourcecode.swift; path = ContentView.swift; sourceTree = "<group>"; };
		ED806BD7E0913BCDF1142604 /* MetalVideoRenderer.swift */ = {isa = PBXFileReference; lastKnownFileType = sourcecode.swift; path = MetalVideoRenderer.swift; sourceTree = "<group>"; };
		F9534BF578FB9EFE92050C52 /* TimeOfDayManager.swift */ = {isa = PBXFileReference; lastKnownFileType = sourcecode.swift; path = TimeOfDayManager.swift; sourceTree = "<group>"; };
		F9960B917192178D2217E668 /* iCloudSyncManager.swift */ = {isa = PBXFileReference; lastKnownFileType = sourcecode.swift; path = iCloudSyncManager.swift; sourceTree = "<group>"; };
		FA624026F461BCF47C3E39D5 /* UsageTracker.swift */ = {isa = PBXFileReference; lastKnownFileType = sourcecode.swift; path = UsageTracker.swift; sourceTree = "<group>"; };
		FA8E25061D17472552507DF7 /* OnboardingView.swift */ = {isa = PBXFileReference; lastKnownFileType = sourcecode.swift; path = OnboardingView.swift; sourceTree = "<group>"; };
		FE414F5FC0D738D8D7593A2E /* GenerationHistory.swift */ = {isa = PBXFileReference; lastKnownFileType = sourcecode.swift; path = GenerationHistory.swift; sourceTree = "<group>"; };
		FFD329195A86A0398FB6B4D0 /* AppDelegate.swift */ = {isa = PBXFileReference; lastKnownFileType = sourcecode.swift; path = AppDelegate.swift; sourceTree = "<group>"; };
/* End PBXFileReference section */

/* Begin PBXGroup section */
		08B0E4CD6509EAA15E90424B /* Products */ = {
			isa = PBXGroup;
			children = (
				9065D39D45D04ED947D1507D /* Wallnetic.app */,
				594B87C7E7B68A1E23F136C4 /* WallneticWidget.appex */,
			);
			name = Products;
			sourceTree = "<group>";
		};
		0E5C0332A18B5850B0997A7A /* Utils */ = {
			isa = PBXGroup;
			children = (
			);
			path = Utils;
			sourceTree = "<group>";
		};
		1BE37129FFCF799850FBB994 /* Engine */ = {
			isa = PBXGroup;
			children = (
				D726427A9199C4D93B9E93F2 /* DesktopOverlayController.swift */,
				5EBFA2EC8B70298D0B7975E3 /* DesktopWindowController.swift */,
				ED806BD7E0913BCDF1142604 /* MetalVideoRenderer.swift */,
				9E4C04ED28406292407FFBD0 /* PowerManager.swift */,
				C36C5B8FAAEBFAB779FBBB39 /* VideoRenderer.swift */,
			);
			path = Engine;
			sourceTree = "<group>";
		};
		245B5B74A9E9F71A64F7454D /* Provider */ = {
			isa = PBXGroup;
			children = (
				6730B13258B7FB98C75E2BD6 /* WallpaperTimelineProvider.swift */,
			);
			path = Provider;
			sourceTree = "<group>";
		};
		28FBE419A416F64CC9C1E9AC /* ViewModels */ = {
			isa = PBXGroup;
			children = (
			);
			path = ViewModels;
			sourceTree = "<group>";
		};
		2A35F6E908D5FD9D6914BBC7 /* Services */ = {
			isa = PBXGroup;
			children = (
				B6272C35871A69060C41EFEC /* AIService.swift */,
				C296AD08F207FEC3AF4CDCB9 /* AnalyticsManager.swift */,
				77E4D58C6269978E4994C7CE /* AppShortcuts.swift */,
				2F92E0D8DD2E96E0575808A6 /* AsyncImageCache.swift */,
				5391D519B2B4F2D898BEDB0F /* AuthManager.swift */,
				69A21A2E89BAFCD9A8FE5DA8 /* CloudSyncManager.swift */,
				1849D0D4B8C207540818A7E8 /* CollectionManager.swift */,
				2833332B3174CD94D7D62CBB /* DeepLinkHandler.swift */,
				B3E0F02714B57C6B710BFA04 /* FavoriteStylesManager.swift */,
				F9960B917192178D2217E668 /* iCloudSyncManager.swift */,
				51A337D506233D372B7187D6 /* KeychainManager.swift */,
				2F48518E41B9C56DFE5EB099 /* MusicReactiveManager.swift */,
				140AE9B28FFA1BF12B3651C5 /* NotificationManager.swift */,
				3CFBA173095D37D5702C5C18 /* PerformanceManager.swift */,
				2A3CC73608BAFA155E615F1B /* SchedulerService.swift */,
				6D0396F7C77849244B424DD5 /* ScreenSaverBridge.swift */,
				52CE6EB39E15687BF3655B8C /* SharedDataManager.swift */,
				102BCD8F05208BC14E211E51 /* StoreKitManager.swift */,
				5CEBCAF9E5F767C08A15158C /* SupabaseClient.swift */,
				60D80208B9C31066D6C112FB /* ThemeManager.swift */,
				11FC204622DAABAAA4F064B4 /* ThumbnailCache.swift */,
				F9534BF578FB9EFE92050C52 /* TimeOfDayManager.swift */,
				48513382BB8B61A6DD8431DC /* UpdateChecker.swift */,
				9A160A29BBDB078330BD0CA4 /* URLImporter.swift */,
				FA624026F461BCF47C3E39D5 /* UsageTracker.swift */,
				4662279ADB65DBA3957578B7 /* VideoFormatConverter.swift */,
				B5CEC2B4480AEC32A84E65E8 /* VideoTrimmer.swift */,
				0B86B489A26E64EF63ED72A8 /* WallpaperEffectsManager.swift */,
				532FE0E3069C64B6236A343C /* WallpaperManager.swift */,
				40A93EE0CF1D353315FEA25D /* WallpaperStoreManager.swift */,
				739D8C6AD1566F8C21F48DFD /* WeatherWallpaperManager.swift */,
			);
			path = Services;
			sourceTree = "<group>";
		};
		3445FCF26F52DF704BF31F4A /* Settings */ = {
			isa = PBXGroup;
			children = (
				BA2392B868E0D5B6994FF657 /* EffectsSettingsView.swift */,
				0DF980A4142FBBE468FBBD05 /* SchedulerSettingsView.swift */,
				84E4002911F0B7869F3183DA /* TimeOfDaySettingsView.swift */,
			);
			path = Settings;
			sourceTree = "<group>";
		};
		359372CAF80A53CFB75544F5 /* Views */ = {
			isa = PBXGroup;
			children = (
				C46699BC859D4FABE71BB58F /* LargeWidgetView.swift */,
				D7053DA494AD1DB578C10447 /* MediumWidgetView.swift */,
				134AA54986991D7480CC4CD8 /* SmallWidgetView.swift */,
			);
			path = Views;
			sourceTree = "<group>";
		};
		4295B025FC1E253129AEE445 /* Resources */ = {
			isa = PBXGroup;
			children = (
				DFC7F5C372D751F46660FA5C /* Info.plist */,
				08B2A227CEA1CA39347CC37A /* WallneticWidget.entitlements */,
			);
			path = Resources;
			sourceTree = "<group>";
		};
		535A9501C7CEE862EAB25CF6 /* Main */ = {
			isa = PBXGroup;
			children = (
				91B502C8C68ABF2CD503030E /* AIGenerateView.swift */,
				EA19F4DBD0636536454696F3 /* ContentView.swift */,
				D67C4A956B32F37A83450264 /* ExploreView.swift */,
				A32AE3710192737ABA41FDA0 /* HistoryView.swift */,
				43A9F2E051E3DDAA18ACAC9D /* HomeView.swift */,
				5B106464A071BF6E736C3272 /* MenuBarView.swift */,
				FA8E25061D17472552507DF7 /* OnboardingView.swift */,
				B28D90947064A40462D0CC1C /* PopularView.swift */,
				250C1B481393050C099266A2 /* SettingsView.swift */,
				8500C9E87013D486C890E673 /* TopNavigationBar.swift */,
				632C30C0743E0B8691AFD923 /* VideoPreviewView.swift */,
				0D76E5D0AB6B966E492D0342 /* WallpaperGridView.swift */,
			);
			path = Main;
			sourceTree = "<group>";
		};
		60B418A213DB42CB90372D7D /* Views */ = {
			isa = PBXGroup;
			children = (
				B811F8DBB05D82875DEB6A6B /* Collections */,
				6D154AD72514800F57D7A3AE /* Components */,
				535A9501C7CEE862EAB25CF6 /* Main */,
				3445FCF26F52DF704BF31F4A /* Settings */,
			);
			path = Views;
			sourceTree = "<group>";
		};
		6BE87A6F82CB3CA3F7C62588 /* Models */ = {
			isa = PBXGroup;
			children = (
				B7021318E82664A8754F5FF1 /* AIProvider.swift */,
				8B98ABE56A3B186B1C7AFA43 /* AIStyle.swift */,
				FE414F5FC0D738D8D7593A2E /* GenerationHistory.swift */,
				DE3FD865C09D4CE6C4025020 /* Wallpaper.swift */,
				8562F59693CF276239AD0905 /* WallpaperCollection.swift */,
			);
			path = Models;
			sourceTree = "<group>";
		};
		6D154AD72514800F57D7A3AE /* Components */ = {
			isa = PBXGroup;
			children = (
			);
			path = Components;
			sourceTree = "<group>";
		};
		B811F8DBB05D82875DEB6A6B /* Collections */ = {
			isa = PBXGroup;
			children = (
				3A5D74A5C252020316F511D6 /* CollectionDetailView.swift */,
				31C51D17BDBBADCDF4D5CB43 /* CollectionsView.swift */,
			);
			path = Collections;
			sourceTree = "<group>";
		};
		BBDA8D67F414F740791849C4 /* Resources */ = {
			isa = PBXGroup;
			children = (
				BF36E216B5F900C62E824B59 /* Assets.xcassets */,
				843AD85E0F38C70B7B33DE40 /* Info.plist */,
				85B6064EF5DE550677698666 /* Wallnetic.entitlements */,
			);
			path = Resources;
			sourceTree = "<group>";
		};
		BD8907F7DF05CB6D5F152AD4 /* App */ = {
			isa = PBXGroup;
			children = (
				FFD329195A86A0398FB6B4D0 /* AppDelegate.swift */,
				4D9A31C3562655D7C27A30B1 /* WallneticApp.swift */,
			);
			path = App;
			sourceTree = "<group>";
		};
		C8908E2BDDC9E1346ADF3F25 = {
			isa = PBXGroup;
			children = (
				BD8907F7DF05CB6D5F152AD4 /* App */,
				1BE37129FFCF799850FBB994 /* Engine */,
				6BE87A6F82CB3CA3F7C62588 /* Models */,
				FE863A105B48E8483FA4105E /* Models */,
				BBDA8D67F414F740791849C4 /* Resources */,
				2A35F6E908D5FD9D6914BBC7 /* Services */,
				0E5C0332A18B5850B0997A7A /* Utils */,
				28FBE419A416F64CC9C1E9AC /* ViewModels */,
				60B418A213DB42CB90372D7D /* Views */,
				F92CC3152F8D34A5C07F7EDE /* WallneticWidget */,
				08B0E4CD6509EAA15E90424B /* Products */,
			);
			sourceTree = "<group>";
		};
		F92CC3152F8D34A5C07F7EDE /* WallneticWidget */ = {
			isa = PBXGroup;
			children = (
				69A7F21804AB5D266A239578 /* WallneticWidget.swift */,
				5B7028D3EA5A514573B5B23F /* WallneticWidgetBundle.swift */,
				245B5B74A9E9F71A64F7454D /* Provider */,
				4295B025FC1E253129AEE445 /* Resources */,
				359372CAF80A53CFB75544F5 /* Views */,
			);
			name = WallneticWidget;
			path = ../WallneticWidget;
			sourceTree = "<group>";
		};
		FE863A105B48E8483FA4105E /* Models */ = {
			isa = PBXGroup;
			children = (
				DDFCAB2A636011BB543DD1B5 /* SharedWidgetModels.swift */,
			);
			name = Models;
			path = ../WallneticWidget/Models;
			sourceTree = "<group>";
		};
/* End PBXGroup section */

/* Begin PBXNativeTarget section */
		619B21F5247512020263D942 /* WallneticWidget */ = {
			isa = PBXNativeTarget;
			buildConfigurationList = C8C17D5F470E1BC8713FCB3B /* Build configuration list for PBXNativeTarget "WallneticWidget" */;
			buildPhases = (
				5F3F52C60DA583A25A090D7D /* Sources */,
			);
			buildRules = (
			);
			dependencies = (
			);
			name = WallneticWidget;
			packageProductDependencies = (
			);
			productName = WallneticWidget;
			productReference = 594B87C7E7B68A1E23F136C4 /* WallneticWidget.appex */;
			productType = "com.apple.product-type.app-extension";
		};
		9D9A6596302C548CCE03E80C /* Wallnetic */ = {
			isa = PBXNativeTarget;
			buildConfigurationList = EDFE862674562A4F9FF50B02 /* Build configuration list for PBXNativeTarget "Wallnetic" */;
			buildPhases = (
				E337824E3D9C1469B2F66753 /* Sources */,
				10AD7C60366FC496616DAC6C /* Resources */,
				54F653E431484406D55578F3 /* Embed Foundation Extensions */,
			);
			buildRules = (
			);
			dependencies = (
				70D06224206DC94AFBD329C0 /* PBXTargetDependency */,
			);
			name = Wallnetic;
			packageProductDependencies = (
			);
			productName = Wallnetic;
			productReference = 9065D39D45D04ED947D1507D /* Wallnetic.app */;
			productType = "com.apple.product-type.application";
		};
/* End PBXNativeTarget section */

/* Begin PBXProject section */
		C3FDEDD03026A1192EC29C7E /* Project object */ = {
			isa = PBXProject;
			attributes = {
				BuildIndependentTargetsInParallel = YES;
				LastUpgradeCheck = 1500;
				TargetAttributes = {
					619B21F5247512020263D942 = {
						ProvisioningStyle = Automatic;
					};
					9D9A6596302C548CCE03E80C = {
						ProvisioningStyle = Automatic;
					};
				};
			};
			buildConfigurationList = 377A09A73862D3931BF23234 /* Build configuration list for PBXProject "Wallnetic" */;
			developmentRegion = en;
			hasScannedForEncodings = 0;
			knownRegions = (
				Base,
				en,
			);
			mainGroup = C8908E2BDDC9E1346ADF3F25;
			minimizedProjectReferenceProxies = 1;
			preferredProjectObjectVersion = 77;
			productRefGroup = 08B0E4CD6509EAA15E90424B /* Products */;
			projectDirPath = "";
			projectRoot = "";
			targets = (
				9D9A6596302C548CCE03E80C /* Wallnetic */,
				619B21F5247512020263D942 /* WallneticWidget */,
			);
		};
/* End PBXProject section */

/* Begin PBXResourcesBuildPhase section */
		10AD7C60366FC496616DAC6C /* Resources */ = {
			isa = PBXResourcesBuildPhase;
			buildActionMask = 2147483647;
			files = (
				284D0925EA9AEC2B302910D1 /* Assets.xcassets in Resources */,
			);
			runOnlyForDeploymentPostprocessing = 0;
		};
/* End PBXResourcesBuildPhase section */

/* Begin PBXSourcesBuildPhase section */
		5F3F52C60DA583A25A090D7D /* Sources */ = {
			isa = PBXSourcesBuildPhase;
			buildActionMask = 2147483647;
			files = (
				D536FC913069CBC74CD142D2 /* LargeWidgetView.swift in Sources */,
				7CD2350BE3D4A9216B849C69 /* MediumWidgetView.swift in Sources */,
				93BC58F85DF7EBC9B6D3970F /* SharedWidgetModels.swift in Sources */,
				2509E976AE0675786B3C248A /* SmallWidgetView.swift in Sources */,
				2D30EDC8BD2E940365F05AB0 /* WallneticWidget.swift in Sources */,
				DCAD65468ADF42075E87EF0B /* WallneticWidgetBundle.swift in Sources */,
				C45BE528ECCD2D35E95ED1C4 /* WallpaperTimelineProvider.swift in Sources */,
			);
			runOnlyForDeploymentPostprocessing = 0;
		};
		E337824E3D9C1469B2F66753 /* Sources */ = {
			isa = PBXSourcesBuildPhase;
			buildActionMask = 2147483647;
			files = (
				9D898F865EED9BB751EBF7EF /* AIGenerateView.swift in Sources */,
				72F4CF08714A41746B6A0258 /* AIProvider.swift in Sources */,
				FF16323D780FDC2A4404D5BA /* AIService.swift in Sources */,
				C703D713F68746183202C7DE /* AIStyle.swift in Sources */,
				E3721D2B68E6322EA1D6E408 /* AnalyticsManager.swift in Sources */,
				53984128C8EBA3CD0BDEB573 /* AppDelegate.swift in Sources */,
				0D161367E2348177677DEAD0 /* AppShortcuts.swift in Sources */,
				A6DFAAAEC7432468109C0615 /* AsyncImageCache.swift in Sources */,
				B34E2B3843447164873423D8 /* AuthManager.swift in Sources */,
				B4147A0425D06A4CAD8EDE77 /* CloudSyncManager.swift in Sources */,
				559304CF4E8C6C1F05A97B59 /* CollectionDetailView.swift in Sources */,
				73849203691B6B9B27EF0384 /* CollectionManager.swift in Sources */,
				2C5619331688457B6A844B93 /* CollectionsView.swift in Sources */,
				D95869079F717BD8B2BB26D0 /* ContentView.swift in Sources */,
				2445819EF402088E3689C8CD /* DeepLinkHandler.swift in Sources */,
				5E298128B4AE9AB89B656E86 /* DesktopOverlayController.swift in Sources */,
				0BDACCA44A26C7459739D96B /* DesktopWindowController.swift in Sources */,
				A2FD8BF6EF09FC0B086E2261 /* EffectsSettingsView.swift in Sources */,
				5C0AAD3B25B3DCB797AF2959 /* ExploreView.swift in Sources */,
				CE93C5919FE1E7FAC086C58E /* FavoriteStylesManager.swift in Sources */,
				E670DC0DFE3A0970082E73EF /* GenerationHistory.swift in Sources */,
				8BED6ED6D599D3F3C32821D5 /* HistoryView.swift in Sources */,
				131EDF3DA15DA0EEA84918A4 /* HomeView.swift in Sources */,
				1CA1504E421EAE5C547DF122 /* KeychainManager.swift in Sources */,
				61B1EC0DBC85801311FA1F2F /* MenuBarView.swift in Sources */,
				71B0E8B741F75A6147C62611 /* MetalVideoRenderer.swift in Sources */,
				6FDE90B9E751CC319C45BA54 /* MusicReactiveManager.swift in Sources */,
				A0A7D57E670326EECB26D581 /* NotificationManager.swift in Sources */,
				BED9A1AD659C124D26D37355 /* OnboardingView.swift in Sources */,
				D729B636A0E78713E53C77FD /* PerformanceManager.swift in Sources */,
				E1A41C3F6B921B68A90EBBFA /* PopularView.swift in Sources */,
				B528C1F69B3CD9B3914A58A6 /* PowerManager.swift in Sources */,
				B42A0A282FC2AA2D1C21B83F /* SchedulerService.swift in Sources */,
				71CE2A10CE71B016228E091D /* SchedulerSettingsView.swift in Sources */,
				DEA965482FC1C3045A26958B /* ScreenSaverBridge.swift in Sources */,
				A32F6B39A4F02F8417A78266 /* SettingsView.swift in Sources */,
				AE9FCE08CE4EDEECE7A843BD /* SharedDataManager.swift in Sources */,
				6A650CD75C4B32AB9889A6A7 /* SharedWidgetModels.swift in Sources */,
				04BCEB8AB6239A8DB7D5C257 /* StoreKitManager.swift in Sources */,
				84ACCBC72C120B8B6E00A64F /* SupabaseClient.swift in Sources */,
				3ACABD266118F70AA54B934B /* ThemeManager.swift in Sources */,
				F027822B09B941CAA5E0910E /* ThumbnailCache.swift in Sources */,
				B4A8451ADDDC53D5E76BE89D /* TimeOfDayManager.swift in Sources */,
				93CA4E731227254F983F6270 /* TimeOfDaySettingsView.swift in Sources */,
				DD274D4C961B6128F9FA1776 /* TopNavigationBar.swift in Sources */,
				D293210E205F384708F9B581 /* URLImporter.swift in Sources */,
				147CC96E7447673896138CA7 /* UpdateChecker.swift in Sources */,
				A2F0F37DC65A20D1B7086146 /* UsageTracker.swift in Sources */,
				80B94DC02A568914623EDE05 /* VideoFormatConverter.swift in Sources */,
				E5D27A6DCFBE34596D43A293 /* VideoPreviewView.swift in Sources */,
				EFB2FACA7CFF8C61C6DED49E /* VideoRenderer.swift in Sources */,
				EAAE966CCF3909FB2678C87D /* VideoTrimmer.swift in Sources */,
				4D244E609DA6FBD637CD7D8F /* WallneticApp.swift in Sources */,
				40D40FD944D13CCAF633E4A9 /* Wallpaper.swift in Sources */,
				51355B920BE931D2A9A3BE58 /* WallpaperCollection.swift in Sources */,
				1B480E4A92B2E3538B724AE4 /* WallpaperEffectsManager.swift in Sources */,
				2124DE0A8E8717475F30D34C /* WallpaperGridView.swift in Sources */,
				7B8DE2A0443E6DC55D750FCB /* WallpaperManager.swift in Sources */,
				9C7206924D126AE38A11DD51 /* WallpaperStoreManager.swift in Sources */,
				F6107012989E9FC5810F350E /* WeatherWallpaperManager.swift in Sources */,
				88C6A7F9AD19AA876CEEC465 /* iCloudSyncManager.swift in Sources */,
			);
			runOnlyForDeploymentPostprocessing = 0;
		};
/* End PBXSourcesBuildPhase section */

/* Begin PBXTargetDependency section */
		70D06224206DC94AFBD329C0 /* PBXTargetDependency */ = {
			isa = PBXTargetDependency;
			target = 619B21F5247512020263D942 /* WallneticWidget */;
			targetProxy = FFAED0B7DD574AF587D7DC00 /* PBXContainerItemProxy */;
		};
/* End PBXTargetDependency section */

/* Begin XCBuildConfiguration section */
		2531360BC1FBAFCE2EB921D7 /* Debug */ = {
			isa = XCBuildConfiguration;
			buildSettings = {
				ASSETCATALOG_COMPILER_APPICON_NAME = AppIcon;
				CODE_SIGN_ENTITLEMENTS = Resources/Wallnetic.entitlements;
				COMBINE_HIDPI_IMAGES = YES;
				DEVELOPMENT_TEAM = "";
				ENABLE_HARDENED_RUNTIME = YES;
				INFOPLIST_FILE = Resources/Info.plist;
				LD_RUNPATH_SEARCH_PATHS = (
					"$(inherited)",
					"@executable_path/../Frameworks",
				);
				PRODUCT_BUNDLE_IDENTIFIER = com.wallnetic.app;
				PRODUCT_NAME = Wallnetic;
				SDKROOT = macosx;
			};
			name = Debug;
		};
		617455C451321F6E79DD3191 /* Debug */ = {
			isa = XCBuildConfiguration;
			buildSettings = {
				ALWAYS_SEARCH_USER_PATHS = NO;
				CLANG_ANALYZER_NONNULL = YES;
				CLANG_ANALYZER_NUMBER_OBJECT_CONVERSION = YES_AGGRESSIVE;
				CLANG_CXX_LANGUAGE_STANDARD = "gnu++14";
				CLANG_CXX_LIBRARY = "libc++";
				CLANG_ENABLE_MODULES = YES;
				CLANG_ENABLE_OBJC_ARC = YES;
				CLANG_ENABLE_OBJC_WEAK = YES;
				CLANG_WARN_BLOCK_CAPTURE_AUTORELEASING = YES;
				CLANG_WARN_BOOL_CONVERSION = YES;
				CLANG_WARN_COMMA = YES;
				CLANG_WARN_CONSTANT_CONVERSION = YES;
				CLANG_WARN_DEPRECATED_OBJC_IMPLEMENTATIONS = YES;
				CLANG_WARN_DIRECT_OBJC_ISA_USAGE = YES_ERROR;
				CLANG_WARN_DOCUMENTATION_COMMENTS = YES;
				CLANG_WARN_EMPTY_BODY = YES;
				CLANG_WARN_ENUM_CONVERSION = YES;
				CLANG_WARN_INFINITE_RECURSION = YES;
				CLANG_WARN_INT_CONVERSION = YES;
				CLANG_WARN_NON_LITERAL_NULL_CONVERSION = YES;
				CLANG_WARN_OBJC_IMPLICIT_RETAIN_SELF = YES;
				CLANG_WARN_OBJC_LITERAL_CONVERSION = YES;
				CLANG_WARN_OBJC_ROOT_CLASS = YES_ERROR;
				CLANG_WARN_QUOTED_INCLUDE_IN_FRAMEWORK_HEADER = YES;
				CLANG_WARN_RANGE_LOOP_ANALYSIS = YES;
				CLANG_WARN_STRICT_PROTOTYPES = YES;
				CLANG_WARN_SUSPICIOUS_MOVE = YES;
				CLANG_WARN_UNGUARDED_AVAILABILITY = YES_AGGRESSIVE;
				CLANG_WARN_UNREACHABLE_CODE = YES;
				CLANG_WARN__DUPLICATE_METHOD_MATCH = YES;
				CODE_SIGN_STYLE = Automatic;
				COPY_PHASE_STRIP = NO;
				CURRENT_PROJECT_VERSION = 1;
				DEBUG_INFORMATION_FORMAT = dwarf;
				DEVELOPMENT_TEAM = "";
				ENABLE_STRICT_OBJC_MSGSEND = YES;
				ENABLE_TESTABILITY = YES;
				GCC_C_LANGUAGE_STANDARD = gnu11;
				GCC_DYNAMIC_NO_PIC = NO;
				GCC_NO_COMMON_BLOCKS = YES;
				GCC_OPTIMIZATION_LEVEL = 0;
				GCC_PREPROCESSOR_DEFINITIONS = (
					"$(inherited)",
					"DEBUG=1",
				);
				GCC_WARN_64_TO_32_BIT_CONVERSION = YES;
				GCC_WARN_ABOUT_RETURN_TYPE = YES_ERROR;
				GCC_WARN_UNDECLARED_SELECTOR = YES;
				GCC_WARN_UNINITIALIZED_AUTOS = YES_AGGRESSIVE;
				GCC_WARN_UNUSED_FUNCTION = YES;
				GCC_WARN_UNUSED_VARIABLE = YES;
				MACOSX_DEPLOYMENT_TARGET = 13.0;
				MARKETING_VERSION = 1.0.0;
				MTL_ENABLE_DEBUG_INFO = INCLUDE_SOURCE;
				MTL_FAST_MATH = YES;
				ONLY_ACTIVE_ARCH = YES;
				PRODUCT_NAME = "$(TARGET_NAME)";
				SDKROOT = macosx;
				SWIFT_ACTIVE_COMPILATION_CONDITIONS = DEBUG;
				SWIFT_OPTIMIZATION_LEVEL = "-Onone";
				SWIFT_VERSION = 5.9;
			};
			name = Debug;
		};
		938F800F3499A07C57DC241B /* Release */ = {
			isa = XCBuildConfiguration;
			buildSettings = {
				ASSETCATALOG_COMPILER_APPICON_NAME = AppIcon;
				CODE_SIGN_ENTITLEMENTS = Resources/Wallnetic.entitlements;
				COMBINE_HIDPI_IMAGES = YES;
				DEVELOPMENT_TEAM = "";
				ENABLE_HARDENED_RUNTIME = YES;
				INFOPLIST_FILE = Resources/Info.plist;
				LD_RUNPATH_SEARCH_PATHS = (
					"$(inherited)",
					"@executable_path/../Frameworks",
				);
				PRODUCT_BUNDLE_IDENTIFIER = com.wallnetic.app;
				PRODUCT_NAME = Wallnetic;
				SDKROOT = macosx;
			};
			name = Release;
		};
		9B655C3C20D241528739BCD9 /* Release */ = {
			isa = XCBuildConfiguration;
			buildSettings = {
				CODE_SIGN_ENTITLEMENTS = ../WallneticWidget/Resources/WallneticWidget.entitlements;
				COMBINE_HIDPI_IMAGES = YES;
				DEVELOPMENT_TEAM = "";
				INFOPLIST_FILE = ../WallneticWidget/Resources/Info.plist;
				LD_RUNPATH_SEARCH_PATHS = (
					"$(inherited)",
					"@executable_path/../Frameworks",
					"@executable_path/../../../../Frameworks",
				);
				MACOSX_DEPLOYMENT_TARGET = 13.0;
				PRODUCT_BUNDLE_IDENTIFIER = com.wallnetic.app.WallneticWidget;
				PRODUCT_NAME = WallneticWidget;
				SDKROOT = macosx;
				SKIP_INSTALL = YES;
			};
			name = Release;
		};
		B8ECF0867F6E45D060927A19 /* Debug */ = {
			isa = XCBuildConfiguration;
			buildSettings = {
				CODE_SIGN_ENTITLEMENTS = ../WallneticWidget/Resources/WallneticWidget.entitlements;
				COMBINE_HIDPI_IMAGES = YES;
				DEVELOPMENT_TEAM = "";
				INFOPLIST_FILE = ../WallneticWidget/Resources/Info.plist;
				LD_RUNPATH_SEARCH_PATHS = (
					"$(inherited)",
					"@executable_path/../Frameworks",
					"@executable_path/../../../../Frameworks",
				);
				MACOSX_DEPLOYMENT_TARGET = 13.0;
				PRODUCT_BUNDLE_IDENTIFIER = com.wallnetic.app.WallneticWidget;
				PRODUCT_NAME = WallneticWidget;
				SDKROOT = macosx;
				SKIP_INSTALL = YES;
			};
			name = Debug;
		};
		FEA5B00DFDF0BD6DEED8E58B /* Release */ = {
			isa = XCBuildConfiguration;
			buildSettings = {
				ALWAYS_SEARCH_USER_PATHS = NO;
				CLANG_ANALYZER_NONNULL = YES;
				CLANG_ANALYZER_NUMBER_OBJECT_CONVERSION = YES_AGGRESSIVE;
				CLANG_CXX_LANGUAGE_STANDARD = "gnu++14";
				CLANG_CXX_LIBRARY = "libc++";
				CLANG_ENABLE_MODULES = YES;
				CLANG_ENABLE_OBJC_ARC = YES;
				CLANG_ENABLE_OBJC_WEAK = YES;
				CLANG_WARN_BLOCK_CAPTURE_AUTORELEASING = YES;
				CLANG_WARN_BOOL_CONVERSION = YES;
				CLANG_WARN_COMMA = YES;
				CLANG_WARN_CONSTANT_CONVERSION = YES;
				CLANG_WARN_DEPRECATED_OBJC_IMPLEMENTATIONS = YES;
				CLANG_WARN_DIRECT_OBJC_ISA_USAGE = YES_ERROR;
				CLANG_WARN_DOCUMENTATION_COMMENTS = YES;
				CLANG_WARN_EMPTY_BODY = YES;
				CLANG_WARN_ENUM_CONVERSION = YES;
				CLANG_WARN_INFINITE_RECURSION = YES;
				CLANG_WARN_INT_CONVERSION = YES;
				CLANG_WARN_NON_LITERAL_NULL_CONVERSION = YES;
				CLANG_WARN_OBJC_IMPLICIT_RETAIN_SELF = YES;
				CLANG_WARN_OBJC_LITERAL_CONVERSION = YES;
				CLANG_WARN_OBJC_ROOT_CLASS = YES_ERROR;
				CLANG_WARN_QUOTED_INCLUDE_IN_FRAMEWORK_HEADER = YES;
				CLANG_WARN_RANGE_LOOP_ANALYSIS = YES;
				CLANG_WARN_STRICT_PROTOTYPES = YES;
				CLANG_WARN_SUSPICIOUS_MOVE = YES;
				CLANG_WARN_UNGUARDED_AVAILABILITY = YES_AGGRESSIVE;
				CLANG_WARN_UNREACHABLE_CODE = YES;
				CLANG_WARN__DUPLICATE_METHOD_MATCH = YES;
				CODE_SIGN_STYLE = Automatic;
				COPY_PHASE_STRIP = NO;
				CURRENT_PROJECT_VERSION = 1;
				DEBUG_INFORMATION_FORMAT = "dwarf-with-dsym";
				DEVELOPMENT_TEAM = "";
				ENABLE_NS_ASSERTIONS = NO;
				ENABLE_STRICT_OBJC_MSGSEND = YES;
				GCC_C_LANGUAGE_STANDARD = gnu11;
				GCC_NO_COMMON_BLOCKS = YES;
				GCC_WARN_64_TO_32_BIT_CONVERSION = YES;
				GCC_WARN_ABOUT_RETURN_TYPE = YES_ERROR;
				GCC_WARN_UNDECLARED_SELECTOR = YES;
				GCC_WARN_UNINITIALIZED_AUTOS = YES_AGGRESSIVE;
				GCC_WARN_UNUSED_FUNCTION = YES;
				GCC_WARN_UNUSED_VARIABLE = YES;
				MACOSX_DEPLOYMENT_TARGET = 13.0;
				MARKETING_VERSION = 1.0.0;
				MTL_ENABLE_DEBUG_INFO = NO;
				MTL_FAST_MATH = YES;
				PRODUCT_NAME = "$(TARGET_NAME)";
				SDKROOT = macosx;
				SWIFT_COMPILATION_MODE = wholemodule;
				SWIFT_OPTIMIZATION_LEVEL = "-O";
				SWIFT_VERSION = 5.9;
			};
			name = Release;
		};
/* End XCBuildConfiguration section */

/* Begin XCConfigurationList section */
		377A09A73862D3931BF23234 /* Build configuration list for PBXProject "Wallnetic" */ = {
			isa = XCConfigurationList;
			buildConfigurations = (
				617455C451321F6E79DD3191 /* Debug */,
				FEA5B00DFDF0BD6DEED8E58B /* Release */,
			);
			defaultConfigurationIsVisible = 0;
			defaultConfigurationName = Debug;
		};
		C8C17D5F470E1BC8713FCB3B /* Build configuration list for PBXNativeTarget "WallneticWidget" */ = {
			isa = XCConfigurationList;
			buildConfigurations = (
				B8ECF0867F6E45D060927A19 /* Debug */,
				9B655C3C20D241528739BCD9 /* Release */,
			);
			defaultConfigurationIsVisible = 0;
			defaultConfigurationName = Debug;
		};
		EDFE862674562A4F9FF50B02 /* Build configuration list for PBXNativeTarget "Wallnetic" */ = {
			isa = XCConfigurationList;
			buildConfigurations = (
				2531360BC1FBAFCE2EB921D7 /* Debug */,
				938F800F3499A07C57DC241B /* Release */,
			);
			defaultConfigurationIsVisible = 0;
			defaultConfigurationName = Debug;
		};
/* End XCConfigurationList section */
	};
	rootObject = C3FDEDD03026A1192EC29C7E /* Project object */;
}
